// !$*UTF8*$!
{
	archiveVersion = 1;
	classes = {
	};
	objectVersion = 50;
	objects = {

/* Begin PBXBuildFile section */
		BCD0D153251CC17D00DF4F5A /* PacotesViagensView.swift in Sources */ = {isa = PBXBuildFile; fileRef = BCD0D152251CC17D00DF4F5A /* PacotesViagensView.swift */; };
		BCD0D156251CC35300DF4F5A /* pacotes-viagens.json in Resources */ = {isa = PBXBuildFile; fileRef = BCD0D155251CC35300DF4F5A /* pacotes-viagens.json */; };
		BCD0D159251CC35D00DF4F5A /* PacoteDeViagem.swift in Sources */ = {isa = PBXBuildFile; fileRef = BCD0D158251CC35D00DF4F5A /* PacoteDeViagem.swift */; };
		BCFBC6E724DB2D9300EAC030 /* AppDelegate.swift in Sources */ = {isa = PBXBuildFile; fileRef = BCFBC6E624DB2D9300EAC030 /* AppDelegate.swift */; };
		BCFBC6E924DB2D9300EAC030 /* SceneDelegate.swift in Sources */ = {isa = PBXBuildFile; fileRef = BCFBC6E824DB2D9300EAC030 /* SceneDelegate.swift */; };
		BCFBC6EB24DB2D9300EAC030 /* ContentView.swift in Sources */ = {isa = PBXBuildFile; fileRef = BCFBC6EA24DB2D9300EAC030 /* ContentView.swift */; };
		BCFBC6ED24DB2D9700EAC030 /* Assets.xcassets in Resources */ = {isa = PBXBuildFile; fileRef = BCFBC6EC24DB2D9700EAC030 /* Assets.xcassets */; };
		BCFBC6F024DB2D9700EAC030 /* Preview Assets.xcassets in Resources */ = {isa = PBXBuildFile; fileRef = BCFBC6EF24DB2D9700EAC030 /* Preview Assets.xcassets */; };
		BCFBC6F324DB2D9700EAC030 /* LaunchScreen.storyboard in Resources */ = {isa = PBXBuildFile; fileRef = BCFBC6F124DB2D9700EAC030 /* LaunchScreen.storyboard */; };
		BCFBC6FD24DB37E900EAC030 /* Viagem.swift in Sources */ = {isa = PBXBuildFile; fileRef = BCFBC6FB24DB37E900EAC030 /* Viagem.swift */; };
		BCFBC6FE24DB37E900EAC030 /* Dados.swift in Sources */ = {isa = PBXBuildFile; fileRef = BCFBC6FC24DB37E900EAC030 /* Dados.swift */; };
		BCFBC70024DB37F300EAC030 /* viagens.json in Resources */ = {isa = PBXBuildFile; fileRef = BCFBC6FF24DB37F300EAC030 /* viagens.json */; };
		BCFBC70324DB3A0000EAC030 /* HeaderView.swift in Sources */ = {isa = PBXBuildFile; fileRef = BCFBC70224DB3A0000EAC030 /* HeaderView.swift */; };
		BCFBC70524DB3C2F00EAC030 /* CelulaViagemView.swift in Sources */ = {isa = PBXBuildFile; fileRef = BCFBC70424DB3C2F00EAC030 /* CelulaViagemView.swift */; };
		BCFBC70724DB476F00EAC030 /* MapaView.swift in Sources */ = {isa = PBXBuildFile; fileRef = BCFBC70624DB476F00EAC030 /* MapaView.swift */; };
/* End PBXBuildFile section */

/* Begin PBXFileReference section */
		BCD0D152251CC17D00DF4F5A /* PacotesViagensView.swift */ = {isa = PBXFileReference; lastKnownFileType = sourcecode.swift; path = PacotesViagensView.swift; sourceTree = "<group>"; };
		BCD0D155251CC35300DF4F5A /* pacotes-viagens.json */ = {isa = PBXFileReference; fileEncoding = 4; lastKnownFileType = text.json; path = "pacotes-viagens.json"; sourceTree = "<group>"; };
		BCD0D158251CC35D00DF4F5A /* PacoteDeViagem.swift */ = {isa = PBXFileReference; fileEncoding = 4; lastKnownFileType = sourcecode.swift; path = PacoteDeViagem.swift; sourceTree = "<group>"; };
		BCFBC6E324DB2D9300EAC030 /* travels-app.app */ = {isa = PBXFileReference; explicitFileType = wrapper.application; includeInIndex = 0; path = "travels-app.app"; sourceTree = BUILT_PRODUCTS_DIR; };
		BCFBC6E624DB2D9300EAC030 /* AppDelegate.swift */ = {isa = PBXFileReference; lastKnownFileType = sourcecode.swift; path = AppDelegate.swift; sourceTree = "<group>"; };
		BCFBC6E824DB2D9300EAC030 /* SceneDelegate.swift */ = {isa = PBXFileReference; lastKnownFileType = sourcecode.swift; path = SceneDelegate.swift; sourceTree = "<group>"; };
		BCFBC6EA24DB2D9300EAC030 /* ContentView.swift */ = {isa = PBXFileReference; lastKnownFileType = sourcecode.swift; path = ContentView.swift; sourceTree = "<group>"; };
		BCFBC6EC24DB2D9700EAC030 /* Assets.xcassets */ = {isa = PBXFileReference; lastKnownFileType = folder.assetcatalog; path = Assets.xcassets; sourceTree = "<group>"; };
		BCFBC6EF24DB2D9700EAC030 /* Preview Assets.xcassets */ = {isa = PBXFileReference; lastKnownFileType = folder.assetcatalog; path = "Preview Assets.xcassets"; sourceTree = "<group>"; };
		BCFBC6F224DB2D9700EAC030 /* Base */ = {isa = PBXFileReference; lastKnownFileType = file.storyboard; name = Base; path = Base.lproj/LaunchScreen.storyboard; sourceTree = "<group>"; };
		BCFBC6F424DB2D9700EAC030 /* Info.plist */ = {isa = PBXFileReference; lastKnownFileType = text.plist.xml; path = Info.plist; sourceTree = "<group>"; };
		BCFBC6FB24DB37E900EAC030 /* Viagem.swift */ = {isa = PBXFileReference; fileEncoding = 4; lastKnownFileType = sourcecode.swift; path = Viagem.swift; sourceTree = "<group>"; };
		BCFBC6FC24DB37E900EAC030 /* Dados.swift */ = {isa = PBXFileReference; fileEncoding = 4; lastKnownFileType = sourcecode.swift; path = Dados.swift; sourceTree = "<group>"; };
		BCFBC6FF24DB37F300EAC030 /* viagens.json */ = {isa = PBXFileReference; fileEncoding = 4; lastKnownFileType = text.json; path = viagens.json; sourceTree = "<group>"; };
		BCFBC70224DB3A0000EAC030 /* HeaderView.swift */ = {isa = PBXFileReference; lastKnownFileType = sourcecode.swift; path = HeaderView.swift; sourceTree = "<group>"; };
		BCFBC70424DB3C2F00EAC030 /* CelulaViagemView.swift */ = {isa = PBXFileReference; lastKnownFileType = sourcecode.swift; path = CelulaViagemView.swift; sourceTree = "<group>"; };
		BCFBC70624DB476F00EAC030 /* MapaView.swift */ = {isa = PBXFileReference; lastKnownFileType = sourcecode.swift; path = MapaView.swift; sourceTree = "<group>"; };
/* End PBXFileReference section */

/* Begin PBXFrameworksBuildPhase section */
		BCFBC6E024DB2D9300EAC030 /* Frameworks */ = {
			isa = PBXFrameworksBuildPhase;
			buildActionMask = 2147483647;
			files = (
			);
			runOnlyForDeploymentPostprocessing = 0;
		};
/* End PBXFrameworksBuildPhase section */

/* Begin PBXGroup section */
		BCFBC6DA24DB2D9300EAC030 = {
			isa = PBXGroup;
			children = (
				BCFBC6E524DB2D9300EAC030 /* travels-app */,
				BCFBC6E424DB2D9300EAC030 /* Products */,
			);
			sourceTree = "<group>";
		};
		BCFBC6E424DB2D9300EAC030 /* Products */ = {
			isa = PBXGroup;
			children = (
				BCFBC6E324DB2D9300EAC030 /* travels-app.app */,
			);
			name = Products;
			sourceTree = "<group>";
		};
		BCFBC6E524DB2D9300EAC030 /* travels-app */ = {
			isa = PBXGroup;
			children = (
				BCFBC6FA24DB37DA00EAC030 /* Models */,
				BCFBC70124DB39D400EAC030 /* Views */,
				BCFBC6E624DB2D9300EAC030 /* AppDelegate.swift */,
				BCFBC6E824DB2D9300EAC030 /* SceneDelegate.swift */,
				BCFBC6EC24DB2D9700EAC030 /* Assets.xcassets */,
				BCFBC6F124DB2D9700EAC030 /* LaunchScreen.storyboard */,
				BCFBC6FF24DB37F300EAC030 /* viagens.json */,
				BCD0D155251CC35300DF4F5A /* pacotes-viagens.json */,
				BCFBC6F424DB2D9700EAC030 /* Info.plist */,
				BCFBC6EE24DB2D9700EAC030 /* Preview Content */,
			);
			path = "travels-app";
			sourceTree = "<group>";
		};
		BCFBC6EE24DB2D9700EAC030 /* Preview Content */ = {
			isa = PBXGroup;
			children = (
				BCFBC6EF24DB2D9700EAC030 /* Preview Assets.xcassets */,
			);
			path = "Preview Content";
			sourceTree = "<group>";
		};
		BCFBC6FA24DB37DA00EAC030 /* Models */ = {
			isa = PBXGroup;
			children = (
				BCFBC6FC24DB37E900EAC030 /* Dados.swift */,
				BCFBC6FB24DB37E900EAC030 /* Viagem.swift */,
				BCD0D158251CC35D00DF4F5A /* PacoteDeViagem.swift */,
			);
			path = Models;
			sourceTree = "<group>";
		};
		BCFBC70124DB39D400EAC030 /* Views */ = {
			isa = PBXGroup;
			children = (
				BCFBC6EA24DB2D9300EAC030 /* ContentView.swift */,
				BCFBC70224DB3A0000EAC030 /* HeaderView.swift */,
				BCFBC70424DB3C2F00EAC030 /* CelulaViagemView.swift */,
				BCFBC70624DB476F00EAC030 /* MapaView.swift */,
				BCD0D152251CC17D00DF4F5A /* PacotesViagensView.swift */,
			);
			path = Views;
			sourceTree = "<group>";
		};
/* End PBXGroup section */

/* Begin PBXNativeTarget section */
		BCFBC6E224DB2D9300EAC030 /* travels-app */ = {
			isa = PBXNativeTarget;
			buildConfigurationList = BCFBC6F724DB2D9700EAC030 /* Build configuration list for PBXNativeTarget "travels-app" */;
			buildPhases = (
				BCFBC6DF24DB2D9300EAC030 /* Sources */,
				BCFBC6E024DB2D9300EAC030 /* Frameworks */,
				BCFBC6E124DB2D9300EAC030 /* Resources */,
			);
			buildRules = (
			);
			dependencies = (
			);
			name = "travels-app";
			productName = "travels-app";
			productReference = BCFBC6E324DB2D9300EAC030 /* travels-app.app */;
			productType = "com.apple.product-type.application";
		};
/* End PBXNativeTarget section */

/* Begin PBXProject section */
		BCFBC6DB24DB2D9300EAC030 /* Project object */ = {
			isa = PBXProject;
			attributes = {
				LastSwiftUpdateCheck = 1160;
				LastUpgradeCheck = 1160;
				ORGANIZATIONNAME = "Eduarda Mello";
				TargetAttributes = {
					BCFBC6E224DB2D9300EAC030 = {
						CreatedOnToolsVersion = 11.6;
					};
				};
			};
			buildConfigurationList = BCFBC6DE24DB2D9300EAC030 /* Build configuration list for PBXProject "travels-app" */;
			compatibilityVersion = "Xcode 9.3";
			developmentRegion = en;
			hasScannedForEncodings = 0;
			knownRegions = (
				en,
				Base,
			);
			mainGroup = BCFBC6DA24DB2D9300EAC030;
			productRefGroup = BCFBC6E424DB2D9300EAC030 /* Products */;
			projectDirPath = "";
			projectRoot = "";
			targets = (
				BCFBC6E224DB2D9300EAC030 /* travels-app */,
			);
		};
/* End PBXProject section */

/* Begin PBXResourcesBuildPhase section */
		BCFBC6E124DB2D9300EAC030 /* Resources */ = {
			isa = PBXResourcesBuildPhase;
			buildActionMask = 2147483647;
			files = (
				BCD0D156251CC35300DF4F5A /* pacotes-viagens.json in Resources */,
				BCFBC6F324DB2D9700EAC030 /* LaunchScreen.storyboard in Resources */,
				BCFBC70024DB37F300EAC030 /* viagens.json in Resources */,
				BCFBC6F024DB2D9700EAC030 /* Preview Assets.xcassets in Resources */,
				BCFBC6ED24DB2D9700EAC030 /* Assets.xcassets in Resources */,
			);
			runOnlyForDeploymentPostprocessing = 0;
		};
/* End PBXResourcesBuildPhase section */

/* Begin PBXSourcesBuildPhase section */
		BCFBC6DF24DB2D9300EAC030 /* Sources */ = {
			isa = PBXSourcesBuildPhase;
			buildActionMask = 2147483647;
			files = (
				BCFBC6FD24DB37E900EAC030 /* Viagem.swift in Sources */,
				BCFBC70324DB3A0000EAC030 /* HeaderView.swift in Sources */,
				BCFBC6E724DB2D9300EAC030 /* AppDelegate.swift in Sources */,
				BCD0D153251CC17D00DF4F5A /* PacotesViagensView.swift in Sources */,
				BCFBC70724DB476F00EAC030 /* MapaView.swift in Sources */,
				BCD0D159251CC35D00DF4F5A /* PacoteDeViagem.swift in Sources */,
				BCFBC70524DB3C2F00EAC030 /* CelulaViagemView.swift in Sources */,
				BCFBC6E924DB2D9300EAC030 /* SceneDelegate.swift in Sources */,
				BCFBC6EB24DB2D9300EAC030 /* ContentView.swift in Sources */,
				BCFBC6FE24DB37E900EAC030 /* Dados.swift in Sources */,
			);
			runOnlyForDeploymentPostprocessing = 0;
		};
/* End PBXSourcesBuildPhase section */

/* Begin PBXVariantGroup section */
		BCFBC6F124DB2D9700EAC030 /* LaunchScreen.storyboard */ = {
			isa = PBXVariantGroup;
			children = (
				BCFBC6F224DB2D9700EAC030 /* Base */,
			);
			name = LaunchScreen.storyboard;
			sourceTree = "<group>";
		};
/* End PBXVariantGroup section */

/* Begin XCBuildConfiguration section */
		BCFBC6F524DB2D9700EAC030 /* Debug */ = {
			isa = XCBuildConfiguration;
			buildSettings = {
				ALWAYS_SEARCH_USER_PATHS = NO;
				CLANG_ANALYZER_NONNULL = YES;
				CLANG_ANALYZER_NUMBER_OBJECT_CONVERSION = YES_AGGRESSIVE;
				CLANG_CXX_LANGUAGE_STANDARD = "gnu++14";
				CLANG_CXX_LIBRARY = "libc++";
				CLANG_ENABLE_MODULES = YES;
				CLANG_ENABLE_OBJC_ARC = YES;
				CLANG_ENABLE_OBJC_WEAK = YES;
				CLANG_WARN_BLOCK_CAPTURE_AUTORELEASING = YES;
				CLANG_WARN_BOOL_CONVERSION = YES;
				CLANG_WARN_COMMA = YES;
				CLANG_WARN_CONSTANT_CONVERSION = YES;
				CLANG_WARN_DEPRECATED_OBJC_IMPLEMENTATIONS = YES;
				CLANG_WARN_DIRECT_OBJC_ISA_USAGE = YES_ERROR;
				CLANG_WARN_DOCUMENTATION_COMMENTS = YES;
				CLANG_WARN_EMPTY_BODY = YES;
				CLANG_WARN_ENUM_CONVERSION = YES;
				CLANG_WARN_INFINITE_RECURSION = YES;
				CLANG_WARN_INT_CONVERSION = YES;
				CLANG_WARN_NON_LITERAL_NULL_CONVERSION = YES;
				CLANG_WARN_OBJC_IMPLICIT_RETAIN_SELF = YES;
				CLANG_WARN_OBJC_LITERAL_CONVERSION = YES;
				CLANG_WARN_OBJC_ROOT_CLASS = YES_ERROR;
				CLANG_WARN_RANGE_LOOP_ANALYSIS = YES;
				CLANG_WARN_STRICT_PROTOTYPES = YES;
				CLANG_WARN_SUSPICIOUS_MOVE = YES;
				CLANG_WARN_UNGUARDED_AVAILABILITY = YES_AGGRESSIVE;
				CLANG_WARN_UNREACHABLE_CODE = YES;
				CLANG_WARN__DUPLICATE_METHOD_MATCH = YES;
				COPY_PHASE_STRIP = NO;
				DEBUG_INFORMATION_FORMAT = dwarf;
				ENABLE_STRICT_OBJC_MSGSEND = YES;
				ENABLE_TESTABILITY = YES;
				GCC_C_LANGUAGE_STANDARD = gnu11;
				GCC_DYNAMIC_NO_PIC = NO;
				GCC_NO_COMMON_BLOCKS = YES;
				GCC_OPTIMIZATION_LEVEL = 0;
				GCC_PREPROCESSOR_DEFINITIONS = (
					"DEBUG=1",
					"$(inherited)",
				);
				GCC_WARN_64_TO_32_BIT_CONVERSION = YES;
				GCC_WARN_ABOUT_RETURN_TYPE = YES_ERROR;
				GCC_WARN_UNDECLARED_SELECTOR = YES;
				GCC_WARN_UNINITIALIZED_AUTOS = YES_AGGRESSIVE;
				GCC_WARN_UNUSED_FUNCTION = YES;
				GCC_WARN_UNUSED_VARIABLE = YES;
				IPHONEOS_DEPLOYMENT_TARGET = 13.6;
				MTL_ENABLE_DEBUG_INFO = INCLUDE_SOURCE;
				MTL_FAST_MATH = YES;
				ONLY_ACTIVE_ARCH = YES;
				SDKROOT = iphoneos;
				SWIFT_ACTIVE_COMPILATION_CONDITIONS = DEBUG;
				SWIFT_OPTIMIZATION_LEVEL = "-Onone";
			};
			name = Debug;
		};
		BCFBC6F624DB2D9700EAC030 /* Release */ = {
			isa = XCBuildConfiguration;
			buildSettings = {
				ALWAYS_SEARCH_USER_PATHS = NO;
				CLANG_ANALYZER_NONNULL = YES;
				CLANG_ANALYZER_NUMBER_OBJECT_CONVERSION = YES_AGGRESSIVE;
				CLANG_CXX_LANGUAGE_STANDARD = "gnu++14";
				CLANG_CXX_LIBRARY = "libc++";
				CLANG_ENABLE_MODULES = YES;
				CLANG_ENABLE_OBJC_ARC = YES;
				CLANG_ENABLE_OBJC_WEAK = YES;
				CLANG_WARN_BLOCK_CAPTURE_AUTORELEASING = YES;
				CLANG_WARN_BOOL_CONVERSION = YES;
				CLANG_WARN_COMMA = YES;
				CLANG_WARN_CONSTANT_CONVERSION = YES;
				CLANG_WARN_DEPRECATED_OBJC_IMPLEMENTATIONS = YES;
				CLANG_WARN_DIRECT_OBJC_ISA_USAGE = YES_ERROR;
				CLANG_WARN_DOCUMENTATION_COMMENTS = YES;
				CLANG_WARN_EMPTY_BODY = YES;
				CLANG_WARN_ENUM_CONVERSION = YES;
				CLANG_WARN_INFINITE_RECURSION = YES;
				CLANG_WARN_INT_CONVERSION = YES;
				CLANG_WARN_NON_LITERAL_NULL_CONVERSION = YES;
				CLANG_WARN_OBJC_IMPLICIT_RETAIN_SELF = YES;
				CLANG_WARN_OBJC_LITERAL_CONVERSION = YES;
				CLANG_WARN_OBJC_ROOT_CLASS = YES_ERROR;
				CLANG_WARN_RANGE_LOOP_ANALYSIS = YES;
				CLANG_WARN_STRICT_PROTOTYPES = YES;
				CLANG_WARN_SUSPICIOUS_MOVE = YES;
				CLANG_WARN_UNGUARDED_AVAILABILITY = YES_AGGRESSIVE;
				CLANG_WARN_UNREACHABLE_CODE = YES;
				CLANG_WARN__DUPLICATE_METHOD_MATCH = YES;
				COPY_PHASE_STRIP = NO;
				DEBUG_INFORMATION_FORMAT = "dwarf-with-dsym";
				ENABLE_NS_ASSERTIONS = NO;
				ENABLE_STRICT_OBJC_MSGSEND = YES;
				GCC_C_LANGUAGE_STANDARD = gnu11;
				GCC_NO_COMMON_BLOCKS = YES;
				GCC_WARN_64_TO_32_BIT_CONVERSION = YES;
				GCC_WARN_ABOUT_RETURN_TYPE = YES_ERROR;
				GCC_WARN_UNDECLARED_SELECTOR = YES;
				GCC_WARN_UNINITIALIZED_AUTOS = YES_AGGRESSIVE;
				GCC_WARN_UNUSED_FUNCTION = YES;
				GCC_WARN_UNUSED_VARIABLE = YES;
				IPHONEOS_DEPLOYMENT_TARGET = 13.6;
				MTL_ENABLE_DEBUG_INFO = NO;
				MTL_FAST_MATH = YES;
				SDKROOT = iphoneos;
				SWIFT_COMPILATION_MODE = wholemodule;
				SWIFT_OPTIMIZATION_LEVEL = "-O";
				VALIDATE_PRODUCT = YES;
			};
			name = Release;
		};
		BCFBC6F824DB2D9700EAC030 /* Debug */ = {
			isa = XCBuildConfiguration;
			buildSettings = {
				ASSETCATALOG_COMPILER_APPICON_NAME = AppIcon;
				CODE_SIGN_STYLE = Automatic;
				DEVELOPMENT_ASSET_PATHS = "\"travels-app/Preview Content\"";
				DEVELOPMENT_TEAM = A7Z8B7ZWX2;
				ENABLE_PREVIEWS = YES;
				INFOPLIST_FILE = "travels-app/Info.plist";
				LD_RUNPATH_SEARCH_PATHS = (
					"$(inherited)",
					"@executable_path/Frameworks",
				);
				PRODUCT_BUNDLE_IDENTIFIER = "com.dudamello.travels-app";
				PRODUCT_NAME = "$(TARGET_NAME)";
				SWIFT_VERSION = 5.0;
				TARGETED_DEVICE_FAMILY = "1,2";
			};
			name = Debug;
		};
		BCFBC6F924DB2D9700EAC030 /* Release */ = {
			isa = XCBuildConfiguration;
			buildSettings = {
				ASSETCATALOG_COMPILER_APPICON_NAME = AppIcon;
				CODE_SIGN_STYLE = Automatic;
				DEVELOPMENT_ASSET_PATHS = "\"travels-app/Preview Content\"";
				DEVELOPMENT_TEAM = A7Z8B7ZWX2;
				ENABLE_PREVIEWS = YES;
				INFOPLIST_FILE = "travels-app/Info.plist";
				LD_RUNPATH_SEARCH_PATHS = (
					"$(inherited)",
					"@executable_path/Frameworks",
				);
				PRODUCT_BUNDLE_IDENTIFIER = "com.dudamello.travels-app";
				PRODUCT_NAME = "$(TARGET_NAME)";
				SWIFT_VERSION = 5.0;
				TARGETED_DEVICE_FAMILY = "1,2";
			};
			name = Release;
		};
/* End XCBuildConfiguration section */

/* Begin XCConfigurationList section */
		BCFBC6DE24DB2D9300EAC030 /* Build configuration list for PBXProject "travels-app" */ = {
			isa = XCConfigurationList;
			buildConfigurations = (
				BCFBC6F524DB2D9700EAC030 /* Debug */,
				BCFBC6F624DB2D9700EAC030 /* Release */,
			);
			defaultConfigurationIsVisible = 0;
			defaultConfigurationName = Release;
		};
		BCFBC6F724DB2D9700EAC030 /* Build configuration list for PBXNativeTarget "travels-app" */ = {
			isa = XCConfigurationList;
			buildConfigurations = (
				BCFBC6F824DB2D9700EAC030 /* Debug */,
				BCFBC6F924DB2D9700EAC030 /* Release */,
			);
			defaultConfigurationIsVisible = 0;
			defaultConfigurationName = Release;
		};
/* End XCConfigurationList section */
	};
	rootObject = BCFBC6DB24DB2D9300EAC030 /* Project object */;
}
